PODS:
  - FFCircularProgressView (0.4)
  - MagicalRecord (2.2):
    - MagicalRecord/Core (= 2.2)
  - MagicalRecord/Core (2.2)
  - MBProgressHUD (0.8)
  - Ono (0.0.4)
  - Reachability (3.1.1)
  - SGNavigationProgress (1.1)

DEPENDENCIES:
  - FFCircularProgressView
  - MagicalRecord
  - MBProgressHUD
  - Ono
  - Reachability
  - SGNavigationProgress

SPEC REPOS:
  trunk:
    - FFCircularProgressView
    - MagicalRecord
    - MBProgressHUD
    - Ono
    - Reachability
    - SGNavigationProgress

SPEC CHECKSUMS:
  FFCircularProgressView: dd77c005215f91deaab59c0a998792df16251126
  MagicalRecord: 2dc87179ae7c1f2a274442624ec65a07d4357a6f
  MBProgressHUD: 8688c331cb64702283be37ab8d7d329cdd25f251
  Ono: ffc280dae99cd425ca7173e2f82df9ec86e90186
  Reachability: dd9aa4fb6667b9f787690a74f53cb7634ce99893
  SGNavigationProgress: e00f5b1d05742132b6e4f64bc91811c97c150cfd

PODFILE CHECKSUM: 528a7d9c5c090cef8c87759a07cb4ac59bfff97d

COCOAPODS: 1.9.3
